
Microsoft Visual Studio Solution File, Format Version 12.00
# Visual Studio Version 17
VisualStudioVersion = 17.0.32126.317
MinimumVisualStudioVersion = 10.0.40219.1
Project("{8BC9CEB8-8B4A-11D0-8D11-00A0C91BC942}") = "UnmanagedBridge", "UnmanagedBridge\UnmanagedBridge.vcxproj", "{96D32851-ABB6-46A9-85FD-FD46C680DE8A}"
	ProjectSection(ProjectDependencies) = postProject
		{608F8AD4-A640-3B84-9227-FF1E440B9612} = {608F8AD4-A640-3B84-9227-FF1E440B9612}
	EndProjectSection
EndProject
Project("{9A19103F-16F7-4668-BE54-9A1E7A4F7556}") = "StompboxImageProcessor", "StompboxImageProcessor\StompboxImageProcessor.csproj", "{30B0161E-88A1-4F41-BC00-9293D6EE09D5}"
EndProject
Project("{9A19103F-16F7-4668-BE54-9A1E7A4F7556}") = "StompboxHost", "StompboxHost\StompboxHost.csproj", "{F5CDB85D-70BC-46DD-BE8B-8E483000DC99}"
EndProject
Project("{9A19103F-16F7-4668-BE54-9A1E7A4F7556}") = "StompboxPlugin", "StompboxPlugin\StompboxPlugin.csproj", "{96F4600B-D3DA-4AC3-89ED-67CE6F9C9578}"
EndProject
Project("{D954291E-2A0B-460D-934E-DC6B0785DB48}") = "StompboxShared", "StompboxShared\StompboxShared.shproj", "{A0CDBD0E-3A41-42B7-9425-A838BC2C7383}"
EndProject
Project("{9A19103F-16F7-4668-BE54-9A1E7A4F7556}") = "StompboxRemote", "StompboxRemote\StompboxRemote.csproj", "{428F3D8A-D221-4F75-B1D6-F409B91FB7DF}"
EndProject
Project("{D954291E-2A0B-460D-934E-DC6B0785DB48}") = "UILayout", "Dependencies\UILayout\UILayout\UILayout.shproj", "{7DA2B397-A39F-4E5B-96ED-F206329982C9}"
EndProject
Project("{D954291E-2A0B-460D-934E-DC6B0785DB48}") = "UILayout.MonoGame", "Dependencies\UILayout\UILayout.MonoGame\UILayout.MonoGame.shproj", "{D7307594-237F-43DA-BD6B-D0BC2BD9B276}"
EndProject
Project("{9A19103F-16F7-4668-BE54-9A1E7A4F7556}") = "ImageSheetProcessor", "Dependencies\UILayout\ImageSheetProcessor\ImageSheetProcessor.csproj", "{8F0C191B-DA0C-4AF6-9E0B-C325D48A1A42}"
EndProject
Project("{9A19103F-16F7-4668-BE54-9A1E7A4F7556}") = "StompboxRemoteGL", "StompboxRemoteGL\StompboxRemoteGL.csproj", "{49305251-662E-459A-9ADF-9866CEB6C4D2}"
EndProject
Project("{9A19103F-16F7-4668-BE54-9A1E7A4F7556}") = "UILayout.MonoGame.DesktopGL", "Dependencies\UILayout\UILayout.MonoGame.DesktopGL\UILayout.MonoGame.DesktopGL.csproj", "{05648042-001B-477C-A7AF-AA38D8B0106C}"
EndProject
Project("{9A19103F-16F7-4668-BE54-9A1E7A4F7556}") = "UILayout.MonoGame.WindowsDX", "Dependencies\UILayout\UILayout.MonoGame.WindowsDX\UILayout.MonoGame.WindowsDX.csproj", "{D13A3CB1-9948-4942-BDDC-6A5153C9FED9}"
EndProject
Project("{9A19103F-16F7-4668-BE54-9A1E7A4F7556}") = "StompboxAndroid", "StompboxAndroid\StompboxAndroid.csproj", "{1FF3B5C3-44E2-464A-A15F-55AD4B41CEA0}"
EndProject
Project("{8BC9CEB8-8B4A-11D0-8D11-00A0C91BC942}") = "NeuralAudio", "Dependencies\stompbox\build\stompbox\NeuralAudio\NeuralAudio\NeuralAudio.vcxproj", "{D5C91377-B31C-37FD-86A0-2D1B2990C3C9}"
EndProject
Project("{8BC9CEB8-8B4A-11D0-8D11-00A0C91BC942}") = "stompbox", "Dependencies\stompbox\build\stompbox\stompbox.vcxproj", "{608F8AD4-A640-3B84-9227-FF1E440B9612}"
EndProject
Project("{8BC9CEB8-8B4A-11D0-8D11-00A0C91BC942}") = "RTNeural", "Dependencies\stompbox\build\stompbox\NeuralAudio\NeuralAudio\RTNeural\RTNeural\RTNeural.vcxproj", "{7921A83E-AC53-3DB1-96CB-16945C57E7AE}"
EndProject
Global
	GlobalSection(SolutionConfigurationPlatforms) = preSolution
		Debug|Any CPU = Debug|Any CPU
		Debug|x64 = Debug|x64
		Debug|x86 = Debug|x86
		MinSizeRel|Any CPU = MinSizeRel|Any CPU
		MinSizeRel|x64 = MinSizeRel|x64
		MinSizeRel|x86 = MinSizeRel|x86
		Release|Any CPU = Release|Any CPU
		Release|x64 = Release|x64
		Release|x86 = Release|x86
		RelWithDebInfo|Any CPU = RelWithDebInfo|Any CPU
		RelWithDebInfo|x64 = RelWithDebInfo|x64
		RelWithDebInfo|x86 = RelWithDebInfo|x86
	EndGlobalSection
	GlobalSection(ProjectConfigurationPlatforms) = postSolution
		{96D32851-ABB6-46A9-85FD-FD46C680DE8A}.Debug|Any CPU.ActiveCfg = Debug|x64
		{96D32851-ABB6-46A9-85FD-FD46C680DE8A}.Debug|Any CPU.Build.0 = Debug|x64
		{96D32851-ABB6-46A9-85FD-FD46C680DE8A}.Debug|x64.ActiveCfg = Debug|x64
		{96D32851-ABB6-46A9-85FD-FD46C680DE8A}.Debug|x64.Build.0 = Debug|x64
		{96D32851-ABB6-46A9-85FD-FD46C680DE8A}.Debug|x86.ActiveCfg = Debug|Win32
		{96D32851-ABB6-46A9-85FD-FD46C680DE8A}.Debug|x86.Build.0 = Debug|Win32
		{96D32851-ABB6-46A9-85FD-FD46C680DE8A}.MinSizeRel|Any CPU.ActiveCfg = Release|x64
		{96D32851-ABB6-46A9-85FD-FD46C680DE8A}.MinSizeRel|Any CPU.Build.0 = Release|x64
		{96D32851-ABB6-46A9-85FD-FD46C680DE8A}.MinSizeRel|x64.ActiveCfg = Release|x64
		{96D32851-ABB6-46A9-85FD-FD46C680DE8A}.MinSizeRel|x64.Build.0 = Release|x64
		{96D32851-ABB6-46A9-85FD-FD46C680DE8A}.MinSizeRel|x86.ActiveCfg = Release|Win32
		{96D32851-ABB6-46A9-85FD-FD46C680DE8A}.MinSizeRel|x86.Build.0 = Release|Win32
		{96D32851-ABB6-46A9-85FD-FD46C680DE8A}.Release|Any CPU.ActiveCfg = Release|x64
		{96D32851-ABB6-46A9-85FD-FD46C680DE8A}.Release|Any CPU.Build.0 = Release|x64
		{96D32851-ABB6-46A9-85FD-FD46C680DE8A}.Release|x64.ActiveCfg = Release|x64
		{96D32851-ABB6-46A9-85FD-FD46C680DE8A}.Release|x64.Build.0 = Release|x64
		{96D32851-ABB6-46A9-85FD-FD46C680DE8A}.Release|x86.ActiveCfg = Release|Win32
		{96D32851-ABB6-46A9-85FD-FD46C680DE8A}.Release|x86.Build.0 = Release|Win32
		{96D32851-ABB6-46A9-85FD-FD46C680DE8A}.RelWithDebInfo|Any CPU.ActiveCfg = Release|x64
		{96D32851-ABB6-46A9-85FD-FD46C680DE8A}.RelWithDebInfo|Any CPU.Build.0 = Release|x64
		{96D32851-ABB6-46A9-85FD-FD46C680DE8A}.RelWithDebInfo|x64.ActiveCfg = Release|x64
		{96D32851-ABB6-46A9-85FD-FD46C680DE8A}.RelWithDebInfo|x64.Build.0 = Release|x64
		{96D32851-ABB6-46A9-85FD-FD46C680DE8A}.RelWithDebInfo|x86.ActiveCfg = Release|Win32
		{96D32851-ABB6-46A9-85FD-FD46C680DE8A}.RelWithDebInfo|x86.Build.0 = Release|Win32
		{30B0161E-88A1-4F41-BC00-9293D6EE09D5}.Debug|Any CPU.ActiveCfg = Debug|Any CPU
		{30B0161E-88A1-4F41-BC00-9293D6EE09D5}.Debug|Any CPU.Build.0 = Debug|Any CPU
		{30B0161E-88A1-4F41-BC00-9293D6EE09D5}.Debug|x64.ActiveCfg = Debug|Any CPU
		{30B0161E-88A1-4F41-BC00-9293D6EE09D5}.Debug|x64.Build.0 = Debug|Any CPU
		{30B0161E-88A1-4F41-BC00-9293D6EE09D5}.Debug|x86.ActiveCfg = Debug|Any CPU
		{30B0161E-88A1-4F41-BC00-9293D6EE09D5}.Debug|x86.Build.0 = Debug|Any CPU
		{30B0161E-88A1-4F41-BC00-9293D6EE09D5}.MinSizeRel|Any CPU.ActiveCfg = Debug|Any CPU
		{30B0161E-88A1-4F41-BC00-9293D6EE09D5}.MinSizeRel|Any CPU.Build.0 = Debug|Any CPU
		{30B0161E-88A1-4F41-BC00-9293D6EE09D5}.MinSizeRel|x64.ActiveCfg = Debug|Any CPU
		{30B0161E-88A1-4F41-BC00-9293D6EE09D5}.MinSizeRel|x64.Build.0 = Debug|Any CPU
		{30B0161E-88A1-4F41-BC00-9293D6EE09D5}.MinSizeRel|x86.ActiveCfg = Debug|Any CPU
		{30B0161E-88A1-4F41-BC00-9293D6EE09D5}.MinSizeRel|x86.Build.0 = Debug|Any CPU
		{30B0161E-88A1-4F41-BC00-9293D6EE09D5}.Release|Any CPU.ActiveCfg = Release|Any CPU
		{30B0161E-88A1-4F41-BC00-9293D6EE09D5}.Release|Any CPU.Build.0 = Release|Any CPU
		{30B0161E-88A1-4F41-BC00-9293D6EE09D5}.Release|x64.ActiveCfg = Release|Any CPU
		{30B0161E-88A1-4F41-BC00-9293D6EE09D5}.Release|x64.Build.0 = Release|Any CPU
		{30B0161E-88A1-4F41-BC00-9293D6EE09D5}.Release|x86.ActiveCfg = Release|Any CPU
		{30B0161E-88A1-4F41-BC00-9293D6EE09D5}.Release|x86.Build.0 = Release|Any CPU
		{30B0161E-88A1-4F41-BC00-9293D6EE09D5}.RelWithDebInfo|Any CPU.ActiveCfg = Release|Any CPU
		{30B0161E-88A1-4F41-BC00-9293D6EE09D5}.RelWithDebInfo|Any CPU.Build.0 = Release|Any CPU
		{30B0161E-88A1-4F41-BC00-9293D6EE09D5}.RelWithDebInfo|x64.ActiveCfg = Release|Any CPU
		{30B0161E-88A1-4F41-BC00-9293D6EE09D5}.RelWithDebInfo|x64.Build.0 = Release|Any CPU
		{30B0161E-88A1-4F41-BC00-9293D6EE09D5}.RelWithDebInfo|x86.ActiveCfg = Release|Any CPU
		{30B0161E-88A1-4F41-BC00-9293D6EE09D5}.RelWithDebInfo|x86.Build.0 = Release|Any CPU
		{F5CDB85D-70BC-46DD-BE8B-8E483000DC99}.Debug|Any CPU.ActiveCfg = Debug|Any CPU
		{F5CDB85D-70BC-46DD-BE8B-8E483000DC99}.Debug|Any CPU.Build.0 = Debug|Any CPU
		{F5CDB85D-70BC-46DD-BE8B-8E483000DC99}.Debug|x64.ActiveCfg = Debug|Any CPU
		{F5CDB85D-70BC-46DD-BE8B-8E483000DC99}.Debug|x64.Build.0 = Debug|Any CPU
		{F5CDB85D-70BC-46DD-BE8B-8E483000DC99}.Debug|x86.ActiveCfg = Debug|Any CPU
		{F5CDB85D-70BC-46DD-BE8B-8E483000DC99}.Debug|x86.Build.0 = Debug|Any CPU
		{F5CDB85D-70BC-46DD-BE8B-8E483000DC99}.MinSizeRel|Any CPU.ActiveCfg = Debug|Any CPU
		{F5CDB85D-70BC-46DD-BE8B-8E483000DC99}.MinSizeRel|Any CPU.Build.0 = Debug|Any CPU
		{F5CDB85D-70BC-46DD-BE8B-8E483000DC99}.MinSizeRel|x64.ActiveCfg = Debug|Any CPU
		{F5CDB85D-70BC-46DD-BE8B-8E483000DC99}.MinSizeRel|x64.Build.0 = Debug|Any CPU
		{F5CDB85D-70BC-46DD-BE8B-8E483000DC99}.MinSizeRel|x86.ActiveCfg = Debug|Any CPU
		{F5CDB85D-70BC-46DD-BE8B-8E483000DC99}.MinSizeRel|x86.Build.0 = Debug|Any CPU
		{F5CDB85D-70BC-46DD-BE8B-8E483000DC99}.Release|Any CPU.ActiveCfg = Release|Any CPU
		{F5CDB85D-70BC-46DD-BE8B-8E483000DC99}.Release|Any CPU.Build.0 = Release|Any CPU
		{F5CDB85D-70BC-46DD-BE8B-8E483000DC99}.Release|x64.ActiveCfg = Release|Any CPU
		{F5CDB85D-70BC-46DD-BE8B-8E483000DC99}.Release|x64.Build.0 = Release|Any CPU
		{F5CDB85D-70BC-46DD-BE8B-8E483000DC99}.Release|x86.ActiveCfg = Release|Any CPU
		{F5CDB85D-70BC-46DD-BE8B-8E483000DC99}.Release|x86.Build.0 = Release|Any CPU
		{F5CDB85D-70BC-46DD-BE8B-8E483000DC99}.RelWithDebInfo|Any CPU.ActiveCfg = Release|Any CPU
		{F5CDB85D-70BC-46DD-BE8B-8E483000DC99}.RelWithDebInfo|Any CPU.Build.0 = Release|Any CPU
		{F5CDB85D-70BC-46DD-BE8B-8E483000DC99}.RelWithDebInfo|x64.ActiveCfg = Release|Any CPU
		{F5CDB85D-70BC-46DD-BE8B-8E483000DC99}.RelWithDebInfo|x64.Build.0 = Release|Any CPU
		{F5CDB85D-70BC-46DD-BE8B-8E483000DC99}.RelWithDebInfo|x86.ActiveCfg = Release|Any CPU
		{F5CDB85D-70BC-46DD-BE8B-8E483000DC99}.RelWithDebInfo|x86.Build.0 = Release|Any CPU
		{96F4600B-D3DA-4AC3-89ED-67CE6F9C9578}.Debug|Any CPU.ActiveCfg = Debug|Any CPU
		{96F4600B-D3DA-4AC3-89ED-67CE6F9C9578}.Debug|Any CPU.Build.0 = Debug|Any CPU
		{96F4600B-D3DA-4AC3-89ED-67CE6F9C9578}.Debug|x64.ActiveCfg = Debug|Any CPU
		{96F4600B-D3DA-4AC3-89ED-67CE6F9C9578}.Debug|x64.Build.0 = Debug|Any CPU
		{96F4600B-D3DA-4AC3-89ED-67CE6F9C9578}.Debug|x86.ActiveCfg = Debug|Any CPU
		{96F4600B-D3DA-4AC3-89ED-67CE6F9C9578}.Debug|x86.Build.0 = Debug|Any CPU
		{96F4600B-D3DA-4AC3-89ED-67CE6F9C9578}.MinSizeRel|Any CPU.ActiveCfg = Debug|Any CPU
		{96F4600B-D3DA-4AC3-89ED-67CE6F9C9578}.MinSizeRel|Any CPU.Build.0 = Debug|Any CPU
		{96F4600B-D3DA-4AC3-89ED-67CE6F9C9578}.MinSizeRel|x64.ActiveCfg = Debug|Any CPU
		{96F4600B-D3DA-4AC3-89ED-67CE6F9C9578}.MinSizeRel|x64.Build.0 = Debug|Any CPU
		{96F4600B-D3DA-4AC3-89ED-67CE6F9C9578}.MinSizeRel|x86.ActiveCfg = Debug|Any CPU
		{96F4600B-D3DA-4AC3-89ED-67CE6F9C9578}.MinSizeRel|x86.Build.0 = Debug|Any CPU
		{96F4600B-D3DA-4AC3-89ED-67CE6F9C9578}.Release|Any CPU.ActiveCfg = Release|Any CPU
		{96F4600B-D3DA-4AC3-89ED-67CE6F9C9578}.Release|Any CPU.Build.0 = Release|Any CPU
		{96F4600B-D3DA-4AC3-89ED-67CE6F9C9578}.Release|x64.ActiveCfg = Release|Any CPU
		{96F4600B-D3DA-4AC3-89ED-67CE6F9C9578}.Release|x64.Build.0 = Release|Any CPU
		{96F4600B-D3DA-4AC3-89ED-67CE6F9C9578}.Release|x86.ActiveCfg = Release|Any CPU
		{96F4600B-D3DA-4AC3-89ED-67CE6F9C9578}.Release|x86.Build.0 = Release|Any CPU
		{96F4600B-D3DA-4AC3-89ED-67CE6F9C9578}.RelWithDebInfo|Any CPU.ActiveCfg = Release|Any CPU
		{96F4600B-D3DA-4AC3-89ED-67CE6F9C9578}.RelWithDebInfo|Any CPU.Build.0 = Release|Any CPU
		{96F4600B-D3DA-4AC3-89ED-67CE6F9C9578}.RelWithDebInfo|x64.ActiveCfg = Release|Any CPU
		{96F4600B-D3DA-4AC3-89ED-67CE6F9C9578}.RelWithDebInfo|x64.Build.0 = Release|Any CPU
		{96F4600B-D3DA-4AC3-89ED-67CE6F9C9578}.RelWithDebInfo|x86.ActiveCfg = Release|Any CPU
		{96F4600B-D3DA-4AC3-89ED-67CE6F9C9578}.RelWithDebInfo|x86.Build.0 = Release|Any CPU
		{428F3D8A-D221-4F75-B1D6-F409B91FB7DF}.Debug|Any CPU.ActiveCfg = Debug|Any CPU
		{428F3D8A-D221-4F75-B1D6-F409B91FB7DF}.Debug|Any CPU.Build.0 = Debug|Any CPU
		{428F3D8A-D221-4F75-B1D6-F409B91FB7DF}.Debug|x64.ActiveCfg = Debug|Any CPU
		{428F3D8A-D221-4F75-B1D6-F409B91FB7DF}.Debug|x64.Build.0 = Debug|Any CPU
		{428F3D8A-D221-4F75-B1D6-F409B91FB7DF}.Debug|x86.ActiveCfg = Debug|Any CPU
		{428F3D8A-D221-4F75-B1D6-F409B91FB7DF}.Debug|x86.Build.0 = Debug|Any CPU
		{428F3D8A-D221-4F75-B1D6-F409B91FB7DF}.MinSizeRel|Any CPU.ActiveCfg = Debug|Any CPU
		{428F3D8A-D221-4F75-B1D6-F409B91FB7DF}.MinSizeRel|Any CPU.Build.0 = Debug|Any CPU
		{428F3D8A-D221-4F75-B1D6-F409B91FB7DF}.MinSizeRel|x64.ActiveCfg = Debug|Any CPU
		{428F3D8A-D221-4F75-B1D6-F409B91FB7DF}.MinSizeRel|x64.Build.0 = Debug|Any CPU
		{428F3D8A-D221-4F75-B1D6-F409B91FB7DF}.MinSizeRel|x86.ActiveCfg = Debug|Any CPU
		{428F3D8A-D221-4F75-B1D6-F409B91FB7DF}.MinSizeRel|x86.Build.0 = Debug|Any CPU
		{428F3D8A-D221-4F75-B1D6-F409B91FB7DF}.Release|Any CPU.ActiveCfg = Release|Any CPU
		{428F3D8A-D221-4F75-B1D6-F409B91FB7DF}.Release|Any CPU.Build.0 = Release|Any CPU
		{428F3D8A-D221-4F75-B1D6-F409B91FB7DF}.Release|x64.ActiveCfg = Release|Any CPU
		{428F3D8A-D221-4F75-B1D6-F409B91FB7DF}.Release|x64.Build.0 = Release|Any CPU
		{428F3D8A-D221-4F75-B1D6-F409B91FB7DF}.Release|x86.ActiveCfg = Release|Any CPU
		{428F3D8A-D221-4F75-B1D6-F409B91FB7DF}.Release|x86.Build.0 = Release|Any CPU
		{428F3D8A-D221-4F75-B1D6-F409B91FB7DF}.RelWithDebInfo|Any CPU.ActiveCfg = Release|Any CPU
		{428F3D8A-D221-4F75-B1D6-F409B91FB7DF}.RelWithDebInfo|Any CPU.Build.0 = Release|Any CPU
		{428F3D8A-D221-4F75-B1D6-F409B91FB7DF}.RelWithDebInfo|x64.ActiveCfg = Release|Any CPU
		{428F3D8A-D221-4F75-B1D6-F409B91FB7DF}.RelWithDebInfo|x64.Build.0 = Release|Any CPU
		{428F3D8A-D221-4F75-B1D6-F409B91FB7DF}.RelWithDebInfo|x86.ActiveCfg = Release|Any CPU
		{428F3D8A-D221-4F75-B1D6-F409B91FB7DF}.RelWithDebInfo|x86.Build.0 = Release|Any CPU
		{8F0C191B-DA0C-4AF6-9E0B-C325D48A1A42}.Debug|Any CPU.ActiveCfg = Debug|Any CPU
		{8F0C191B-DA0C-4AF6-9E0B-C325D48A1A42}.Debug|Any CPU.Build.0 = Debug|Any CPU
		{8F0C191B-DA0C-4AF6-9E0B-C325D48A1A42}.Debug|x64.ActiveCfg = Debug|Any CPU
		{8F0C191B-DA0C-4AF6-9E0B-C325D48A1A42}.Debug|x64.Build.0 = Debug|Any CPU
		{8F0C191B-DA0C-4AF6-9E0B-C325D48A1A42}.Debug|x86.ActiveCfg = Debug|Any CPU
		{8F0C191B-DA0C-4AF6-9E0B-C325D48A1A42}.Debug|x86.Build.0 = Debug|Any CPU
		{8F0C191B-DA0C-4AF6-9E0B-C325D48A1A42}.MinSizeRel|Any CPU.ActiveCfg = Debug|Any CPU
		{8F0C191B-DA0C-4AF6-9E0B-C325D48A1A42}.MinSizeRel|Any CPU.Build.0 = Debug|Any CPU
		{8F0C191B-DA0C-4AF6-9E0B-C325D48A1A42}.MinSizeRel|x64.ActiveCfg = Debug|Any CPU
		{8F0C191B-DA0C-4AF6-9E0B-C325D48A1A42}.MinSizeRel|x64.Build.0 = Debug|Any CPU
		{8F0C191B-DA0C-4AF6-9E0B-C325D48A1A42}.MinSizeRel|x86.ActiveCfg = Debug|Any CPU
		{8F0C191B-DA0C-4AF6-9E0B-C325D48A1A42}.MinSizeRel|x86.Build.0 = Debug|Any CPU
		{8F0C191B-DA0C-4AF6-9E0B-C325D48A1A42}.Release|Any CPU.ActiveCfg = Release|Any CPU
		{8F0C191B-DA0C-4AF6-9E0B-C325D48A1A42}.Release|Any CPU.Build.0 = Release|Any CPU
		{8F0C191B-DA0C-4AF6-9E0B-C325D48A1A42}.Release|x64.ActiveCfg = Release|Any CPU
		{8F0C191B-DA0C-4AF6-9E0B-C325D48A1A42}.Release|x64.Build.0 = Release|Any CPU
		{8F0C191B-DA0C-4AF6-9E0B-C325D48A1A42}.Release|x86.ActiveCfg = Release|Any CPU
		{8F0C191B-DA0C-4AF6-9E0B-C325D48A1A42}.Release|x86.Build.0 = Release|Any CPU
		{8F0C191B-DA0C-4AF6-9E0B-C325D48A1A42}.RelWithDebInfo|Any CPU.ActiveCfg = Release|Any CPU
		{8F0C191B-DA0C-4AF6-9E0B-C325D48A1A42}.RelWithDebInfo|Any CPU.Build.0 = Release|Any CPU
		{8F0C191B-DA0C-4AF6-9E0B-C325D48A1A42}.RelWithDebInfo|x64.ActiveCfg = Release|Any CPU
		{8F0C191B-DA0C-4AF6-9E0B-C325D48A1A42}.RelWithDebInfo|x64.Build.0 = Release|Any CPU
		{8F0C191B-DA0C-4AF6-9E0B-C325D48A1A42}.RelWithDebInfo|x86.ActiveCfg = Release|Any CPU
		{8F0C191B-DA0C-4AF6-9E0B-C325D48A1A42}.RelWithDebInfo|x86.Build.0 = Release|Any CPU
		{49305251-662E-459A-9ADF-9866CEB6C4D2}.Debug|Any CPU.ActiveCfg = Debug|Any CPU
		{49305251-662E-459A-9ADF-9866CEB6C4D2}.Debug|Any CPU.Build.0 = Debug|Any CPU
		{49305251-662E-459A-9ADF-9866CEB6C4D2}.Debug|x64.ActiveCfg = Debug|Any CPU
		{49305251-662E-459A-9ADF-9866CEB6C4D2}.Debug|x64.Build.0 = Debug|Any CPU
		{49305251-662E-459A-9ADF-9866CEB6C4D2}.Debug|x86.ActiveCfg = Debug|Any CPU
		{49305251-662E-459A-9ADF-9866CEB6C4D2}.Debug|x86.Build.0 = Debug|Any CPU
		{49305251-662E-459A-9ADF-9866CEB6C4D2}.MinSizeRel|Any CPU.ActiveCfg = Debug|Any CPU
		{49305251-662E-459A-9ADF-9866CEB6C4D2}.MinSizeRel|Any CPU.Build.0 = Debug|Any CPU
		{49305251-662E-459A-9ADF-9866CEB6C4D2}.MinSizeRel|x64.ActiveCfg = Debug|Any CPU
		{49305251-662E-459A-9ADF-9866CEB6C4D2}.MinSizeRel|x64.Build.0 = Debug|Any CPU
		{49305251-662E-459A-9ADF-9866CEB6C4D2}.MinSizeRel|x86.ActiveCfg = Debug|Any CPU
		{49305251-662E-459A-9ADF-9866CEB6C4D2}.MinSizeRel|x86.Build.0 = Debug|Any CPU
		{49305251-662E-459A-9ADF-9866CEB6C4D2}.Release|Any CPU.ActiveCfg = Release|Any CPU
		{49305251-662E-459A-9ADF-9866CEB6C4D2}.Release|Any CPU.Build.0 = Release|Any CPU
		{49305251-662E-459A-9ADF-9866CEB6C4D2}.Release|x64.ActiveCfg = Release|Any CPU
		{49305251-662E-459A-9ADF-9866CEB6C4D2}.Release|x64.Build.0 = Release|Any CPU
		{49305251-662E-459A-9ADF-9866CEB6C4D2}.Release|x86.ActiveCfg = Release|Any CPU
		{49305251-662E-459A-9ADF-9866CEB6C4D2}.Release|x86.Build.0 = Release|Any CPU
		{49305251-662E-459A-9ADF-9866CEB6C4D2}.RelWithDebInfo|Any CPU.ActiveCfg = Release|Any CPU
		{49305251-662E-459A-9ADF-9866CEB6C4D2}.RelWithDebInfo|Any CPU.Build.0 = Release|Any CPU
		{49305251-662E-459A-9ADF-9866CEB6C4D2}.RelWithDebInfo|x64.ActiveCfg = Release|Any CPU
		{49305251-662E-459A-9ADF-9866CEB6C4D2}.RelWithDebInfo|x64.Build.0 = Release|Any CPU
		{49305251-662E-459A-9ADF-9866CEB6C4D2}.RelWithDebInfo|x86.ActiveCfg = Release|Any CPU
		{49305251-662E-459A-9ADF-9866CEB6C4D2}.RelWithDebInfo|x86.Build.0 = Release|Any CPU
		{05648042-001B-477C-A7AF-AA38D8B0106C}.Debug|Any CPU.ActiveCfg = Debug|Any CPU
		{05648042-001B-477C-A7AF-AA38D8B0106C}.Debug|Any CPU.Build.0 = Debug|Any CPU
		{05648042-001B-477C-A7AF-AA38D8B0106C}.Debug|x64.ActiveCfg = Debug|Any CPU
		{05648042-001B-477C-A7AF-AA38D8B0106C}.Debug|x64.Build.0 = Debug|Any CPU
		{05648042-001B-477C-A7AF-AA38D8B0106C}.Debug|x86.ActiveCfg = Debug|Any CPU
		{05648042-001B-477C-A7AF-AA38D8B0106C}.Debug|x86.Build.0 = Debug|Any CPU
		{05648042-001B-477C-A7AF-AA38D8B0106C}.MinSizeRel|Any CPU.ActiveCfg = Debug|Any CPU
		{05648042-001B-477C-A7AF-AA38D8B0106C}.MinSizeRel|Any CPU.Build.0 = Debug|Any CPU
		{05648042-001B-477C-A7AF-AA38D8B0106C}.MinSizeRel|x64.ActiveCfg = Debug|Any CPU
		{05648042-001B-477C-A7AF-AA38D8B0106C}.MinSizeRel|x64.Build.0 = Debug|Any CPU
		{05648042-001B-477C-A7AF-AA38D8B0106C}.MinSizeRel|x86.ActiveCfg = Debug|Any CPU
		{05648042-001B-477C-A7AF-AA38D8B0106C}.MinSizeRel|x86.Build.0 = Debug|Any CPU
		{05648042-001B-477C-A7AF-AA38D8B0106C}.Release|Any CPU.ActiveCfg = Release|Any CPU
		{05648042-001B-477C-A7AF-AA38D8B0106C}.Release|Any CPU.Build.0 = Release|Any CPU
		{05648042-001B-477C-A7AF-AA38D8B0106C}.Release|x64.ActiveCfg = Release|Any CPU
		{05648042-001B-477C-A7AF-AA38D8B0106C}.Release|x64.Build.0 = Release|Any CPU
		{05648042-001B-477C-A7AF-AA38D8B0106C}.Release|x86.ActiveCfg = Release|Any CPU
		{05648042-001B-477C-A7AF-AA38D8B0106C}.Release|x86.Build.0 = Release|Any CPU
		{05648042-001B-477C-A7AF-AA38D8B0106C}.RelWithDebInfo|Any CPU.ActiveCfg = Release|Any CPU
		{05648042-001B-477C-A7AF-AA38D8B0106C}.RelWithDebInfo|Any CPU.Build.0 = Release|Any CPU
		{05648042-001B-477C-A7AF-AA38D8B0106C}.RelWithDebInfo|x64.ActiveCfg = Release|Any CPU
		{05648042-001B-477C-A7AF-AA38D8B0106C}.RelWithDebInfo|x64.Build.0 = Release|Any CPU
		{05648042-001B-477C-A7AF-AA38D8B0106C}.RelWithDebInfo|x86.ActiveCfg = Release|Any CPU
		{05648042-001B-477C-A7AF-AA38D8B0106C}.RelWithDebInfo|x86.Build.0 = Release|Any CPU
		{D13A3CB1-9948-4942-BDDC-6A5153C9FED9}.Debug|Any CPU.ActiveCfg = Debug|Any CPU
		{D13A3CB1-9948-4942-BDDC-6A5153C9FED9}.Debug|Any CPU.Build.0 = Debug|Any CPU
		{D13A3CB1-9948-4942-BDDC-6A5153C9FED9}.Debug|x64.ActiveCfg = Debug|Any CPU
		{D13A3CB1-9948-4942-BDDC-6A5153C9FED9}.Debug|x64.Build.0 = Debug|Any CPU
		{D13A3CB1-9948-4942-BDDC-6A5153C9FED9}.Debug|x86.ActiveCfg = Debug|Any CPU
		{D13A3CB1-9948-4942-BDDC-6A5153C9FED9}.Debug|x86.Build.0 = Debug|Any CPU
		{D13A3CB1-9948-4942-BDDC-6A5153C9FED9}.MinSizeRel|Any CPU.ActiveCfg = Debug|Any CPU
		{D13A3CB1-9948-4942-BDDC-6A5153C9FED9}.MinSizeRel|Any CPU.Build.0 = Debug|Any CPU
		{D13A3CB1-9948-4942-BDDC-6A5153C9FED9}.MinSizeRel|x64.ActiveCfg = Debug|Any CPU
		{D13A3CB1-9948-4942-BDDC-6A5153C9FED9}.MinSizeRel|x64.Build.0 = Debug|Any CPU
		{D13A3CB1-9948-4942-BDDC-6A5153C9FED9}.MinSizeRel|x86.ActiveCfg = Debug|Any CPU
		{D13A3CB1-9948-4942-BDDC-6A5153C9FED9}.MinSizeRel|x86.Build.0 = Debug|Any CPU
		{D13A3CB1-9948-4942-BDDC-6A5153C9FED9}.Release|Any CPU.ActiveCfg = Release|Any CPU
		{D13A3CB1-9948-4942-BDDC-6A5153C9FED9}.Release|Any CPU.Build.0 = Release|Any CPU
		{D13A3CB1-9948-4942-BDDC-6A5153C9FED9}.Release|x64.ActiveCfg = Release|Any CPU
		{D13A3CB1-9948-4942-BDDC-6A5153C9FED9}.Release|x64.Build.0 = Release|Any CPU
		{D13A3CB1-9948-4942-BDDC-6A5153C9FED9}.Release|x86.ActiveCfg = Release|Any CPU
		{D13A3CB1-9948-4942-BDDC-6A5153C9FED9}.Release|x86.Build.0 = Release|Any CPU
		{D13A3CB1-9948-4942-BDDC-6A5153C9FED9}.RelWithDebInfo|Any CPU.ActiveCfg = Release|Any CPU
		{D13A3CB1-9948-4942-BDDC-6A5153C9FED9}.RelWithDebInfo|Any CPU.Build.0 = Release|Any CPU
		{D13A3CB1-9948-4942-BDDC-6A5153C9FED9}.RelWithDebInfo|x64.ActiveCfg = Release|Any CPU
		{D13A3CB1-9948-4942-BDDC-6A5153C9FED9}.RelWithDebInfo|x64.Build.0 = Release|Any CPU
		{D13A3CB1-9948-4942-BDDC-6A5153C9FED9}.RelWithDebInfo|x86.ActiveCfg = Release|Any CPU
		{D13A3CB1-9948-4942-BDDC-6A5153C9FED9}.RelWithDebInfo|x86.Build.0 = Release|Any CPU
		{1FF3B5C3-44E2-464A-A15F-55AD4B41CEA0}.Debug|Any CPU.ActiveCfg = Debug|Any CPU
		{1FF3B5C3-44E2-464A-A15F-55AD4B41CEA0}.Debug|Any CPU.Build.0 = Debug|Any CPU
		{1FF3B5C3-44E2-464A-A15F-55AD4B41CEA0}.Debug|Any CPU.Deploy.0 = Debug|Any CPU
		{1FF3B5C3-44E2-464A-A15F-55AD4B41CEA0}.Debug|x64.ActiveCfg = Debug|Any CPU
		{1FF3B5C3-44E2-464A-A15F-55AD4B41CEA0}.Debug|x64.Build.0 = Debug|Any CPU
		{1FF3B5C3-44E2-464A-A15F-55AD4B41CEA0}.Debug|x86.ActiveCfg = Debug|Any CPU
		{1FF3B5C3-44E2-464A-A15F-55AD4B41CEA0}.Debug|x86.Build.0 = Debug|Any CPU
		{1FF3B5C3-44E2-464A-A15F-55AD4B41CEA0}.MinSizeRel|Any CPU.ActiveCfg = Debug|Any CPU
		{1FF3B5C3-44E2-464A-A15F-55AD4B41CEA0}.MinSizeRel|Any CPU.Build.0 = Debug|Any CPU
		{1FF3B5C3-44E2-464A-A15F-55AD4B41CEA0}.MinSizeRel|x64.ActiveCfg = Debug|Any CPU
		{1FF3B5C3-44E2-464A-A15F-55AD4B41CEA0}.MinSizeRel|x64.Build.0 = Debug|Any CPU
		{1FF3B5C3-44E2-464A-A15F-55AD4B41CEA0}.MinSizeRel|x86.ActiveCfg = Debug|Any CPU
		{1FF3B5C3-44E2-464A-A15F-55AD4B41CEA0}.MinSizeRel|x86.Build.0 = Debug|Any CPU
		{1FF3B5C3-44E2-464A-A15F-55AD4B41CEA0}.Release|Any CPU.ActiveCfg = Release|Any CPU
		{1FF3B5C3-44E2-464A-A15F-55AD4B41CEA0}.Release|Any CPU.Build.0 = Release|Any CPU
		{1FF3B5C3-44E2-464A-A15F-55AD4B41CEA0}.Release|Any CPU.Deploy.0 = Release|Any CPU
		{1FF3B5C3-44E2-464A-A15F-55AD4B41CEA0}.Release|x64.ActiveCfg = Release|Any CPU
		{1FF3B5C3-44E2-464A-A15F-55AD4B41CEA0}.Release|x64.Build.0 = Release|Any CPU
		{1FF3B5C3-44E2-464A-A15F-55AD4B41CEA0}.Release|x86.ActiveCfg = Release|Any CPU
		{1FF3B5C3-44E2-464A-A15F-55AD4B41CEA0}.Release|x86.Build.0 = Release|Any CPU
		{1FF3B5C3-44E2-464A-A15F-55AD4B41CEA0}.RelWithDebInfo|Any CPU.ActiveCfg = Release|Any CPU
		{1FF3B5C3-44E2-464A-A15F-55AD4B41CEA0}.RelWithDebInfo|Any CPU.Build.0 = Release|Any CPU
		{1FF3B5C3-44E2-464A-A15F-55AD4B41CEA0}.RelWithDebInfo|x64.ActiveCfg = Release|Any CPU
		{1FF3B5C3-44E2-464A-A15F-55AD4B41CEA0}.RelWithDebInfo|x64.Build.0 = Release|Any CPU
		{1FF3B5C3-44E2-464A-A15F-55AD4B41CEA0}.RelWithDebInfo|x86.ActiveCfg = Release|Any CPU
		{1FF3B5C3-44E2-464A-A15F-55AD4B41CEA0}.RelWithDebInfo|x86.Build.0 = Release|Any CPU
		{D5C91377-B31C-37FD-86A0-2D1B2990C3C9}.Debug|Any CPU.ActiveCfg = Debug|x64
		{D5C91377-B31C-37FD-86A0-2D1B2990C3C9}.Debug|Any CPU.Build.0 = Debug|x64
		{D5C91377-B31C-37FD-86A0-2D1B2990C3C9}.Debug|x64.ActiveCfg = Debug|x64
		{D5C91377-B31C-37FD-86A0-2D1B2990C3C9}.Debug|x64.Build.0 = Debug|x64
		{D5C91377-B31C-37FD-86A0-2D1B2990C3C9}.Debug|x86.ActiveCfg = Debug|x64
		{D5C91377-B31C-37FD-86A0-2D1B2990C3C9}.Debug|x86.Build.0 = Debug|x64
		{D5C91377-B31C-37FD-86A0-2D1B2990C3C9}.MinSizeRel|Any CPU.ActiveCfg = MinSizeRel|x64
		{D5C91377-B31C-37FD-86A0-2D1B2990C3C9}.MinSizeRel|Any CPU.Build.0 = MinSizeRel|x64
		{D5C91377-B31C-37FD-86A0-2D1B2990C3C9}.MinSizeRel|x64.ActiveCfg = MinSizeRel|x64
		{D5C91377-B31C-37FD-86A0-2D1B2990C3C9}.MinSizeRel|x64.Build.0 = MinSizeRel|x64
		{D5C91377-B31C-37FD-86A0-2D1B2990C3C9}.MinSizeRel|x86.ActiveCfg = MinSizeRel|x64
		{D5C91377-B31C-37FD-86A0-2D1B2990C3C9}.MinSizeRel|x86.Build.0 = MinSizeRel|x64
		{D5C91377-B31C-37FD-86A0-2D1B2990C3C9}.Release|Any CPU.ActiveCfg = Release|x64
		{D5C91377-B31C-37FD-86A0-2D1B2990C3C9}.Release|Any CPU.Build.0 = Release|x64
		{D5C91377-B31C-37FD-86A0-2D1B2990C3C9}.Release|x64.ActiveCfg = Release|x64
		{D5C91377-B31C-37FD-86A0-2D1B2990C3C9}.Release|x64.Build.0 = Release|x64
		{D5C91377-B31C-37FD-86A0-2D1B2990C3C9}.Release|x86.ActiveCfg = Release|x64
		{D5C91377-B31C-37FD-86A0-2D1B2990C3C9}.Release|x86.Build.0 = Release|x64
		{D5C91377-B31C-37FD-86A0-2D1B2990C3C9}.RelWithDebInfo|Any CPU.ActiveCfg = RelWithDebInfo|x64
		{D5C91377-B31C-37FD-86A0-2D1B2990C3C9}.RelWithDebInfo|Any CPU.Build.0 = RelWithDebInfo|x64
		{D5C91377-B31C-37FD-86A0-2D1B2990C3C9}.RelWithDebInfo|x64.ActiveCfg = RelWithDebInfo|x64
		{D5C91377-B31C-37FD-86A0-2D1B2990C3C9}.RelWithDebInfo|x64.Build.0 = RelWithDebInfo|x64
		{D5C91377-B31C-37FD-86A0-2D1B2990C3C9}.RelWithDebInfo|x86.ActiveCfg = RelWithDebInfo|x64
		{D5C91377-B31C-37FD-86A0-2D1B2990C3C9}.RelWithDebInfo|x86.Build.0 = RelWithDebInfo|x64
		{608F8AD4-A640-3B84-9227-FF1E440B9612}.Debug|Any CPU.ActiveCfg = Debug|x64
		{608F8AD4-A640-3B84-9227-FF1E440B9612}.Debug|Any CPU.Build.0 = Debug|x64
		{608F8AD4-A640-3B84-9227-FF1E440B9612}.Debug|x64.ActiveCfg = Debug|x64
		{608F8AD4-A640-3B84-9227-FF1E440B9612}.Debug|x64.Build.0 = Debug|x64
		{608F8AD4-A640-3B84-9227-FF1E440B9612}.Debug|x86.ActiveCfg = Debug|x64
		{608F8AD4-A640-3B84-9227-FF1E440B9612}.Debug|x86.Build.0 = Debug|x64
		{608F8AD4-A640-3B84-9227-FF1E440B9612}.MinSizeRel|Any CPU.ActiveCfg = MinSizeRel|x64
		{608F8AD4-A640-3B84-9227-FF1E440B9612}.MinSizeRel|Any CPU.Build.0 = MinSizeRel|x64
		{608F8AD4-A640-3B84-9227-FF1E440B9612}.MinSizeRel|x64.ActiveCfg = MinSizeRel|x64
		{608F8AD4-A640-3B84-9227-FF1E440B9612}.MinSizeRel|x64.Build.0 = MinSizeRel|x64
		{608F8AD4-A640-3B84-9227-FF1E440B9612}.MinSizeRel|x86.ActiveCfg = MinSizeRel|x64
		{608F8AD4-A640-3B84-9227-FF1E440B9612}.MinSizeRel|x86.Build.0 = MinSizeRel|x64
		{608F8AD4-A640-3B84-9227-FF1E440B9612}.Release|Any CPU.ActiveCfg = Release|x64
		{608F8AD4-A640-3B84-9227-FF1E440B9612}.Release|Any CPU.Build.0 = Release|x64
		{608F8AD4-A640-3B84-9227-FF1E440B9612}.Release|x64.ActiveCfg = Release|x64
		{608F8AD4-A640-3B84-9227-FF1E440B9612}.Release|x64.Build.0 = Release|x64
		{608F8AD4-A640-3B84-9227-FF1E440B9612}.Release|x86.ActiveCfg = Release|x64
		{608F8AD4-A640-3B84-9227-FF1E440B9612}.Release|x86.Build.0 = Release|x64
		{608F8AD4-A640-3B84-9227-FF1E440B9612}.RelWithDebInfo|Any CPU.ActiveCfg = RelWithDebInfo|x64
		{608F8AD4-A640-3B84-9227-FF1E440B9612}.RelWithDebInfo|Any CPU.Build.0 = RelWithDebInfo|x64
		{608F8AD4-A640-3B84-9227-FF1E440B9612}.RelWithDebInfo|x64.ActiveCfg = RelWithDebInfo|x64
		{608F8AD4-A640-3B84-9227-FF1E440B9612}.RelWithDebInfo|x64.Build.0 = RelWithDebInfo|x64
		{608F8AD4-A640-3B84-9227-FF1E440B9612}.RelWithDebInfo|x86.ActiveCfg = RelWithDebInfo|x64
		{608F8AD4-A640-3B84-9227-FF1E440B9612}.RelWithDebInfo|x86.Build.0 = RelWithDebInfo|x64
		{7921A83E-AC53-3DB1-96CB-16945C57E7AE}.Debug|Any CPU.ActiveCfg = Debug|x64
		{7921A83E-AC53-3DB1-96CB-16945C57E7AE}.Debug|Any CPU.Build.0 = Debug|x64
		{7921A83E-AC53-3DB1-96CB-16945C57E7AE}.Debug|x64.ActiveCfg = Debug|x64
		{7921A83E-AC53-3DB1-96CB-16945C57E7AE}.Debug|x64.Build.0 = Debug|x64
		{7921A83E-AC53-3DB1-96CB-16945C57E7AE}.Debug|x86.ActiveCfg = Debug|x64
		{7921A83E-AC53-3DB1-96CB-16945C57E7AE}.Debug|x86.Build.0 = Debug|x64
		{7921A83E-AC53-3DB1-96CB-16945C57E7AE}.MinSizeRel|Any CPU.ActiveCfg = MinSizeRel|x64
		{7921A83E-AC53-3DB1-96CB-16945C57E7AE}.MinSizeRel|Any CPU.Build.0 = MinSizeRel|x64
		{7921A83E-AC53-3DB1-96CB-16945C57E7AE}.MinSizeRel|x64.ActiveCfg = MinSizeRel|x64
		{7921A83E-AC53-3DB1-96CB-16945C57E7AE}.MinSizeRel|x64.Build.0 = MinSizeRel|x64
		{7921A83E-AC53-3DB1-96CB-16945C57E7AE}.MinSizeRel|x86.ActiveCfg = MinSizeRel|x64
		{7921A83E-AC53-3DB1-96CB-16945C57E7AE}.MinSizeRel|x86.Build.0 = MinSizeRel|x64
		{7921A83E-AC53-3DB1-96CB-16945C57E7AE}.Release|Any CPU.ActiveCfg = Release|x64
		{7921A83E-AC53-3DB1-96CB-16945C57E7AE}.Release|Any CPU.Build.0 = Release|x64
		{7921A83E-AC53-3DB1-96CB-16945C57E7AE}.Release|x64.ActiveCfg = Release|x64
		{7921A83E-AC53-3DB1-96CB-16945C57E7AE}.Release|x64.Build.0 = Release|x64
		{7921A83E-AC53-3DB1-96CB-16945C57E7AE}.Release|x86.ActiveCfg = Release|x64
		{7921A83E-AC53-3DB1-96CB-16945C57E7AE}.Release|x86.Build.0 = Release|x64
		{7921A83E-AC53-3DB1-96CB-16945C57E7AE}.RelWithDebInfo|Any CPU.ActiveCfg = RelWithDebInfo|x64
		{7921A83E-AC53-3DB1-96CB-16945C57E7AE}.RelWithDebInfo|Any CPU.Build.0 = RelWithDebInfo|x64
		{7921A83E-AC53-3DB1-96CB-16945C57E7AE}.RelWithDebInfo|x64.ActiveCfg = RelWithDebInfo|x64
		{7921A83E-AC53-3DB1-96CB-16945C57E7AE}.RelWithDebInfo|x64.Build.0 = RelWithDebInfo|x64
		{7921A83E-AC53-3DB1-96CB-16945C57E7AE}.RelWithDebInfo|x86.ActiveCfg = RelWithDebInfo|x64
		{7921A83E-AC53-3DB1-96CB-16945C57E7AE}.RelWithDebInfo|x86.Build.0 = RelWithDebInfo|x64
	EndGlobalSection
	GlobalSection(SolutionProperties) = preSolution
		HideSolutionNode = FALSE
	EndGlobalSection
	GlobalSection(ExtensibilityGlobals) = postSolution
		SolutionGuid = {EF2611F5-42D2-4640-8E89-5B8C42826653}
	EndGlobalSection
	GlobalSection(SharedMSBuildProjectFiles) = preSolution
		Dependencies\UILayout\UILayout.MonoGame\UILayout.MonoGame.projitems*{05648042-001b-477c-a7af-aa38d8b0106c}*SharedItemsImports = 5
		Dependencies\UILayout\UILayout\UILayout.projitems*{05648042-001b-477c-a7af-aa38d8b0106c}*SharedItemsImports = 5
		Dependencies\UILayout\UILayout.MonoGame\UILayout.MonoGame.projitems*{1ff3b5c3-44e2-464a-a15f-55ad4b41cea0}*SharedItemsImports = 5
		Dependencies\UILayout\UILayout\UILayout.projitems*{1ff3b5c3-44e2-464a-a15f-55ad4b41cea0}*SharedItemsImports = 5
		StompboxShared\StompboxShared.projitems*{1ff3b5c3-44e2-464a-a15f-55ad4b41cea0}*SharedItemsImports = 5
		StompboxShared\StompboxShared.projitems*{428f3d8a-d221-4f75-b1d6-f409b91fb7df}*SharedItemsImports = 5
		StompboxShared\StompboxShared.projitems*{49305251-662e-459a-9adf-9866ceb6c4d2}*SharedItemsImports = 5
		Dependencies\UILayout\UILayout\UILayout.projitems*{7da2b397-a39f-4e5b-96ed-f206329982c9}*SharedItemsImports = 13
		Dependencies\UILayout\UILayout.MonoGame\UILayout.MonoGame.projitems*{8f0c191b-da0c-4af6-9e0b-c325d48a1a42}*SharedItemsImports = 5
		Dependencies\UILayout\UILayout\UILayout.projitems*{8f0c191b-da0c-4af6-9e0b-c325d48a1a42}*SharedItemsImports = 5
		Dependencies\UILayout\UILayout.MonoGame\UILayout.MonoGame.projitems*{96f4600b-d3da-4ac3-89ed-67ce6f9c9578}*SharedItemsImports = 5
		Dependencies\UILayout\UILayout\UILayout.projitems*{96f4600b-d3da-4ac3-89ed-67ce6f9c9578}*SharedItemsImports = 5
		StompboxShared\StompboxShared.projitems*{96f4600b-d3da-4ac3-89ed-67ce6f9c9578}*SharedItemsImports = 5
		StompboxShared\StompboxShared.projitems*{a0cdbd0e-3a41-42b7-9425-a838bc2c7383}*SharedItemsImports = 13
		Dependencies\UILayout\UILayout.MonoGame\UILayout.MonoGame.projitems*{d13a3cb1-9948-4942-bddc-6a5153c9fed9}*SharedItemsImports = 5
		Dependencies\UILayout\UILayout\UILayout.projitems*{d13a3cb1-9948-4942-bddc-6a5153c9fed9}*SharedItemsImports = 5
		Dependencies\UILayout\UILayout.MonoGame\UILayout.MonoGame.projitems*{d7307594-237f-43da-bd6b-d0bc2bd9b276}*SharedItemsImports = 13
	EndGlobalSection
EndGlobal
