
Microsoft Visual Studio Solution File, Format Version 12.00
# Visual Studio Version 17
VisualStudioVersion = 17.0.32126.317
MinimumVisualStudioVersion = 10.0.40219.1
Project("{8BC9CEB8-8B4A-11D0-8D11-00A0C91BC942}") = "UnmanagedBridge", "UnmanagedBridge\UnmanagedBridge.vcxproj", "{96D32851-ABB6-46A9-85FD-FD46C680DE8A}"
EndProject
Project("{FAE04EC0-301F-11D3-BF4B-00C04F79EFBC}") = "GuitarSimAndroid", "GuitarSimAndroid\GuitarSimAndroid.csproj", "{44E9E33C-CCF9-4D03-9094-25A47C4C34C0}"
EndProject
Project("{8BC9CEB8-8B4A-11D0-8D11-00A0C91BC942}") = "stompbox", "..\stompbox\build\stompbox\stompbox.vcxproj", "{7366176F-75C2-35B7-8C6F-794540570EB5}"
EndProject
Project("{9A19103F-16F7-4668-BE54-9A1E7A4F7556}") = "StompboxImageProcessor", "StompboxImageProcessor\StompboxImageProcessor.csproj", "{30B0161E-88A1-4F41-BC00-9293D6EE09D5}"
EndProject
Project("{9A19103F-16F7-4668-BE54-9A1E7A4F7556}") = "StompboxHost", "StompboxHost\StompboxHost.csproj", "{F5CDB85D-70BC-46DD-BE8B-8E483000DC99}"
EndProject
Project("{9A19103F-16F7-4668-BE54-9A1E7A4F7556}") = "StompboxPlugin", "StompboxPlugin\StompboxPlugin.csproj", "{96F4600B-D3DA-4AC3-89ED-67CE6F9C9578}"
EndProject
Project("{D954291E-2A0B-460D-934E-DC6B0785DB48}") = "StompboxShared", "StompboxShared\StompboxShared.shproj", "{A0CDBD0E-3A41-42B7-9425-A838BC2C7383}"
EndProject
Project("{9A19103F-16F7-4668-BE54-9A1E7A4F7556}") = "StompboxRemote", "StompboxRemote\StompboxRemote.csproj", "{428F3D8A-D221-4F75-B1D6-F409B91FB7DF}"
EndProject
Project("{D954291E-2A0B-460D-934E-DC6B0785DB48}") = "UILayout.MonoGame", "..\UILayout\UILayout.MonoGame\UILayout.MonoGame.shproj", "{D7307594-237F-43DA-BD6B-D0BC2BD9B276}"
EndProject
Project("{D954291E-2A0B-460D-934E-DC6B0785DB48}") = "UILayout", "..\UILayout\UILayout\UILayout.shproj", "{7DA2B397-A39F-4E5B-96ED-F206329982C9}"
EndProject
Global
	GlobalSection(SolutionConfigurationPlatforms) = preSolution
		Debug|Any CPU = Debug|Any CPU
		Debug|x64 = Debug|x64
		Debug|x86 = Debug|x86
		MinSizeRel|Any CPU = MinSizeRel|Any CPU
		MinSizeRel|x64 = MinSizeRel|x64
		MinSizeRel|x86 = MinSizeRel|x86
		Release|Any CPU = Release|Any CPU
		Release|x64 = Release|x64
		Release|x86 = Release|x86
		RelWithDebInfo|Any CPU = RelWithDebInfo|Any CPU
		RelWithDebInfo|x64 = RelWithDebInfo|x64
		RelWithDebInfo|x86 = RelWithDebInfo|x86
	EndGlobalSection
	GlobalSection(ProjectConfigurationPlatforms) = postSolution
		{96D32851-ABB6-46A9-85FD-FD46C680DE8A}.Debug|Any CPU.ActiveCfg = Debug|x64
		{96D32851-ABB6-46A9-85FD-FD46C680DE8A}.Debug|Any CPU.Build.0 = Debug|x64
		{96D32851-ABB6-46A9-85FD-FD46C680DE8A}.Debug|x64.ActiveCfg = Debug|x64
		{96D32851-ABB6-46A9-85FD-FD46C680DE8A}.Debug|x64.Build.0 = Debug|x64
		{96D32851-ABB6-46A9-85FD-FD46C680DE8A}.Debug|x86.ActiveCfg = Debug|Win32
		{96D32851-ABB6-46A9-85FD-FD46C680DE8A}.Debug|x86.Build.0 = Debug|Win32
		{96D32851-ABB6-46A9-85FD-FD46C680DE8A}.MinSizeRel|Any CPU.ActiveCfg = Release|x64
		{96D32851-ABB6-46A9-85FD-FD46C680DE8A}.MinSizeRel|Any CPU.Build.0 = Release|x64
		{96D32851-ABB6-46A9-85FD-FD46C680DE8A}.MinSizeRel|x64.ActiveCfg = Release|x64
		{96D32851-ABB6-46A9-85FD-FD46C680DE8A}.MinSizeRel|x64.Build.0 = Release|x64
		{96D32851-ABB6-46A9-85FD-FD46C680DE8A}.MinSizeRel|x86.ActiveCfg = Release|Win32
		{96D32851-ABB6-46A9-85FD-FD46C680DE8A}.MinSizeRel|x86.Build.0 = Release|Win32
		{96D32851-ABB6-46A9-85FD-FD46C680DE8A}.Release|Any CPU.ActiveCfg = Release|x64
		{96D32851-ABB6-46A9-85FD-FD46C680DE8A}.Release|Any CPU.Build.0 = Release|x64
		{96D32851-ABB6-46A9-85FD-FD46C680DE8A}.Release|x64.ActiveCfg = Release|x64
		{96D32851-ABB6-46A9-85FD-FD46C680DE8A}.Release|x64.Build.0 = Release|x64
		{96D32851-ABB6-46A9-85FD-FD46C680DE8A}.Release|x86.ActiveCfg = Release|Win32
		{96D32851-ABB6-46A9-85FD-FD46C680DE8A}.Release|x86.Build.0 = Release|Win32
		{96D32851-ABB6-46A9-85FD-FD46C680DE8A}.RelWithDebInfo|Any CPU.ActiveCfg = Release|x64
		{96D32851-ABB6-46A9-85FD-FD46C680DE8A}.RelWithDebInfo|Any CPU.Build.0 = Release|x64
		{96D32851-ABB6-46A9-85FD-FD46C680DE8A}.RelWithDebInfo|x64.ActiveCfg = Release|x64
		{96D32851-ABB6-46A9-85FD-FD46C680DE8A}.RelWithDebInfo|x64.Build.0 = Release|x64
		{96D32851-ABB6-46A9-85FD-FD46C680DE8A}.RelWithDebInfo|x86.ActiveCfg = Release|Win32
		{96D32851-ABB6-46A9-85FD-FD46C680DE8A}.RelWithDebInfo|x86.Build.0 = Release|Win32
		{44E9E33C-CCF9-4D03-9094-25A47C4C34C0}.Debug|Any CPU.ActiveCfg = Debug|Any CPU
		{44E9E33C-CCF9-4D03-9094-25A47C4C34C0}.Debug|Any CPU.Build.0 = Debug|Any CPU
		{44E9E33C-CCF9-4D03-9094-25A47C4C34C0}.Debug|Any CPU.Deploy.0 = Debug|Any CPU
		{44E9E33C-CCF9-4D03-9094-25A47C4C34C0}.Debug|x64.ActiveCfg = Debug|Any CPU
		{44E9E33C-CCF9-4D03-9094-25A47C4C34C0}.Debug|x64.Build.0 = Debug|Any CPU
		{44E9E33C-CCF9-4D03-9094-25A47C4C34C0}.Debug|x64.Deploy.0 = Debug|Any CPU
		{44E9E33C-CCF9-4D03-9094-25A47C4C34C0}.Debug|x86.ActiveCfg = Debug|Any CPU
		{44E9E33C-CCF9-4D03-9094-25A47C4C34C0}.Debug|x86.Build.0 = Debug|Any CPU
		{44E9E33C-CCF9-4D03-9094-25A47C4C34C0}.Debug|x86.Deploy.0 = Debug|Any CPU
		{44E9E33C-CCF9-4D03-9094-25A47C4C34C0}.MinSizeRel|Any CPU.ActiveCfg = Release|Any CPU
		{44E9E33C-CCF9-4D03-9094-25A47C4C34C0}.MinSizeRel|Any CPU.Build.0 = Release|Any CPU
		{44E9E33C-CCF9-4D03-9094-25A47C4C34C0}.MinSizeRel|Any CPU.Deploy.0 = Release|Any CPU
		{44E9E33C-CCF9-4D03-9094-25A47C4C34C0}.MinSizeRel|x64.ActiveCfg = Release|Any CPU
		{44E9E33C-CCF9-4D03-9094-25A47C4C34C0}.MinSizeRel|x64.Build.0 = Release|Any CPU
		{44E9E33C-CCF9-4D03-9094-25A47C4C34C0}.MinSizeRel|x64.Deploy.0 = Release|Any CPU
		{44E9E33C-CCF9-4D03-9094-25A47C4C34C0}.MinSizeRel|x86.ActiveCfg = Release|Any CPU
		{44E9E33C-CCF9-4D03-9094-25A47C4C34C0}.MinSizeRel|x86.Build.0 = Release|Any CPU
		{44E9E33C-CCF9-4D03-9094-25A47C4C34C0}.MinSizeRel|x86.Deploy.0 = Release|Any CPU
		{44E9E33C-CCF9-4D03-9094-25A47C4C34C0}.Release|Any CPU.ActiveCfg = Release|Any CPU
		{44E9E33C-CCF9-4D03-9094-25A47C4C34C0}.Release|Any CPU.Build.0 = Release|Any CPU
		{44E9E33C-CCF9-4D03-9094-25A47C4C34C0}.Release|Any CPU.Deploy.0 = Release|Any CPU
		{44E9E33C-CCF9-4D03-9094-25A47C4C34C0}.Release|x64.ActiveCfg = Release|Any CPU
		{44E9E33C-CCF9-4D03-9094-25A47C4C34C0}.Release|x64.Build.0 = Release|Any CPU
		{44E9E33C-CCF9-4D03-9094-25A47C4C34C0}.Release|x64.Deploy.0 = Release|Any CPU
		{44E9E33C-CCF9-4D03-9094-25A47C4C34C0}.Release|x86.ActiveCfg = Release|Any CPU
		{44E9E33C-CCF9-4D03-9094-25A47C4C34C0}.Release|x86.Build.0 = Release|Any CPU
		{44E9E33C-CCF9-4D03-9094-25A47C4C34C0}.Release|x86.Deploy.0 = Release|Any CPU
		{44E9E33C-CCF9-4D03-9094-25A47C4C34C0}.RelWithDebInfo|Any CPU.ActiveCfg = Release|Any CPU
		{44E9E33C-CCF9-4D03-9094-25A47C4C34C0}.RelWithDebInfo|Any CPU.Build.0 = Release|Any CPU
		{44E9E33C-CCF9-4D03-9094-25A47C4C34C0}.RelWithDebInfo|Any CPU.Deploy.0 = Release|Any CPU
		{44E9E33C-CCF9-4D03-9094-25A47C4C34C0}.RelWithDebInfo|x64.ActiveCfg = Release|Any CPU
		{44E9E33C-CCF9-4D03-9094-25A47C4C34C0}.RelWithDebInfo|x64.Build.0 = Release|Any CPU
		{44E9E33C-CCF9-4D03-9094-25A47C4C34C0}.RelWithDebInfo|x64.Deploy.0 = Release|Any CPU
		{44E9E33C-CCF9-4D03-9094-25A47C4C34C0}.RelWithDebInfo|x86.ActiveCfg = Release|Any CPU
		{44E9E33C-CCF9-4D03-9094-25A47C4C34C0}.RelWithDebInfo|x86.Build.0 = Release|Any CPU
		{44E9E33C-CCF9-4D03-9094-25A47C4C34C0}.RelWithDebInfo|x86.Deploy.0 = Release|Any CPU
		{7366176F-75C2-35B7-8C6F-794540570EB5}.Debug|Any CPU.ActiveCfg = Debug|x64
		{7366176F-75C2-35B7-8C6F-794540570EB5}.Debug|Any CPU.Build.0 = Debug|x64
		{7366176F-75C2-35B7-8C6F-794540570EB5}.Debug|x64.ActiveCfg = Debug|x64
		{7366176F-75C2-35B7-8C6F-794540570EB5}.Debug|x64.Build.0 = Debug|x64
		{7366176F-75C2-35B7-8C6F-794540570EB5}.Debug|x86.ActiveCfg = Debug|x64
		{7366176F-75C2-35B7-8C6F-794540570EB5}.Debug|x86.Build.0 = Debug|x64
		{7366176F-75C2-35B7-8C6F-794540570EB5}.MinSizeRel|Any CPU.ActiveCfg = MinSizeRel|x64
		{7366176F-75C2-35B7-8C6F-794540570EB5}.MinSizeRel|Any CPU.Build.0 = MinSizeRel|x64
		{7366176F-75C2-35B7-8C6F-794540570EB5}.MinSizeRel|x64.ActiveCfg = MinSizeRel|x64
		{7366176F-75C2-35B7-8C6F-794540570EB5}.MinSizeRel|x64.Build.0 = MinSizeRel|x64
		{7366176F-75C2-35B7-8C6F-794540570EB5}.MinSizeRel|x86.ActiveCfg = MinSizeRel|x64
		{7366176F-75C2-35B7-8C6F-794540570EB5}.MinSizeRel|x86.Build.0 = MinSizeRel|x64
		{7366176F-75C2-35B7-8C6F-794540570EB5}.Release|Any CPU.ActiveCfg = Release|x64
		{7366176F-75C2-35B7-8C6F-794540570EB5}.Release|Any CPU.Build.0 = Release|x64
		{7366176F-75C2-35B7-8C6F-794540570EB5}.Release|x64.ActiveCfg = Release|x64
		{7366176F-75C2-35B7-8C6F-794540570EB5}.Release|x64.Build.0 = Release|x64
		{7366176F-75C2-35B7-8C6F-794540570EB5}.Release|x86.ActiveCfg = Release|x64
		{7366176F-75C2-35B7-8C6F-794540570EB5}.Release|x86.Build.0 = Release|x64
		{7366176F-75C2-35B7-8C6F-794540570EB5}.RelWithDebInfo|Any CPU.ActiveCfg = RelWithDebInfo|x64
		{7366176F-75C2-35B7-8C6F-794540570EB5}.RelWithDebInfo|Any CPU.Build.0 = RelWithDebInfo|x64
		{7366176F-75C2-35B7-8C6F-794540570EB5}.RelWithDebInfo|x64.ActiveCfg = RelWithDebInfo|x64
		{7366176F-75C2-35B7-8C6F-794540570EB5}.RelWithDebInfo|x64.Build.0 = RelWithDebInfo|x64
		{7366176F-75C2-35B7-8C6F-794540570EB5}.RelWithDebInfo|x86.ActiveCfg = RelWithDebInfo|x64
		{7366176F-75C2-35B7-8C6F-794540570EB5}.RelWithDebInfo|x86.Build.0 = RelWithDebInfo|x64
		{30B0161E-88A1-4F41-BC00-9293D6EE09D5}.Debug|Any CPU.ActiveCfg = Debug|Any CPU
		{30B0161E-88A1-4F41-BC00-9293D6EE09D5}.Debug|Any CPU.Build.0 = Debug|Any CPU
		{30B0161E-88A1-4F41-BC00-9293D6EE09D5}.Debug|x64.ActiveCfg = Debug|Any CPU
		{30B0161E-88A1-4F41-BC00-9293D6EE09D5}.Debug|x64.Build.0 = Debug|Any CPU
		{30B0161E-88A1-4F41-BC00-9293D6EE09D5}.Debug|x86.ActiveCfg = Debug|Any CPU
		{30B0161E-88A1-4F41-BC00-9293D6EE09D5}.Debug|x86.Build.0 = Debug|Any CPU
		{30B0161E-88A1-4F41-BC00-9293D6EE09D5}.MinSizeRel|Any CPU.ActiveCfg = Debug|Any CPU
		{30B0161E-88A1-4F41-BC00-9293D6EE09D5}.MinSizeRel|Any CPU.Build.0 = Debug|Any CPU
		{30B0161E-88A1-4F41-BC00-9293D6EE09D5}.MinSizeRel|x64.ActiveCfg = Debug|Any CPU
		{30B0161E-88A1-4F41-BC00-9293D6EE09D5}.MinSizeRel|x64.Build.0 = Debug|Any CPU
		{30B0161E-88A1-4F41-BC00-9293D6EE09D5}.MinSizeRel|x86.ActiveCfg = Debug|Any CPU
		{30B0161E-88A1-4F41-BC00-9293D6EE09D5}.MinSizeRel|x86.Build.0 = Debug|Any CPU
		{30B0161E-88A1-4F41-BC00-9293D6EE09D5}.Release|Any CPU.ActiveCfg = Release|Any CPU
		{30B0161E-88A1-4F41-BC00-9293D6EE09D5}.Release|Any CPU.Build.0 = Release|Any CPU
		{30B0161E-88A1-4F41-BC00-9293D6EE09D5}.Release|x64.ActiveCfg = Release|Any CPU
		{30B0161E-88A1-4F41-BC00-9293D6EE09D5}.Release|x64.Build.0 = Release|Any CPU
		{30B0161E-88A1-4F41-BC00-9293D6EE09D5}.Release|x86.ActiveCfg = Release|Any CPU
		{30B0161E-88A1-4F41-BC00-9293D6EE09D5}.Release|x86.Build.0 = Release|Any CPU
		{30B0161E-88A1-4F41-BC00-9293D6EE09D5}.RelWithDebInfo|Any CPU.ActiveCfg = Release|Any CPU
		{30B0161E-88A1-4F41-BC00-9293D6EE09D5}.RelWithDebInfo|Any CPU.Build.0 = Release|Any CPU
		{30B0161E-88A1-4F41-BC00-9293D6EE09D5}.RelWithDebInfo|x64.ActiveCfg = Release|Any CPU
		{30B0161E-88A1-4F41-BC00-9293D6EE09D5}.RelWithDebInfo|x64.Build.0 = Release|Any CPU
		{30B0161E-88A1-4F41-BC00-9293D6EE09D5}.RelWithDebInfo|x86.ActiveCfg = Release|Any CPU
		{30B0161E-88A1-4F41-BC00-9293D6EE09D5}.RelWithDebInfo|x86.Build.0 = Release|Any CPU
		{F5CDB85D-70BC-46DD-BE8B-8E483000DC99}.Debug|Any CPU.ActiveCfg = Debug|Any CPU
		{F5CDB85D-70BC-46DD-BE8B-8E483000DC99}.Debug|Any CPU.Build.0 = Debug|Any CPU
		{F5CDB85D-70BC-46DD-BE8B-8E483000DC99}.Debug|x64.ActiveCfg = Debug|Any CPU
		{F5CDB85D-70BC-46DD-BE8B-8E483000DC99}.Debug|x64.Build.0 = Debug|Any CPU
		{F5CDB85D-70BC-46DD-BE8B-8E483000DC99}.Debug|x86.ActiveCfg = Debug|Any CPU
		{F5CDB85D-70BC-46DD-BE8B-8E483000DC99}.Debug|x86.Build.0 = Debug|Any CPU
		{F5CDB85D-70BC-46DD-BE8B-8E483000DC99}.MinSizeRel|Any CPU.ActiveCfg = Debug|Any CPU
		{F5CDB85D-70BC-46DD-BE8B-8E483000DC99}.MinSizeRel|Any CPU.Build.0 = Debug|Any CPU
		{F5CDB85D-70BC-46DD-BE8B-8E483000DC99}.MinSizeRel|x64.ActiveCfg = Debug|Any CPU
		{F5CDB85D-70BC-46DD-BE8B-8E483000DC99}.MinSizeRel|x64.Build.0 = Debug|Any CPU
		{F5CDB85D-70BC-46DD-BE8B-8E483000DC99}.MinSizeRel|x86.ActiveCfg = Debug|Any CPU
		{F5CDB85D-70BC-46DD-BE8B-8E483000DC99}.MinSizeRel|x86.Build.0 = Debug|Any CPU
		{F5CDB85D-70BC-46DD-BE8B-8E483000DC99}.Release|Any CPU.ActiveCfg = Release|Any CPU
		{F5CDB85D-70BC-46DD-BE8B-8E483000DC99}.Release|Any CPU.Build.0 = Release|Any CPU
		{F5CDB85D-70BC-46DD-BE8B-8E483000DC99}.Release|x64.ActiveCfg = Release|Any CPU
		{F5CDB85D-70BC-46DD-BE8B-8E483000DC99}.Release|x64.Build.0 = Release|Any CPU
		{F5CDB85D-70BC-46DD-BE8B-8E483000DC99}.Release|x86.ActiveCfg = Release|Any CPU
		{F5CDB85D-70BC-46DD-BE8B-8E483000DC99}.Release|x86.Build.0 = Release|Any CPU
		{F5CDB85D-70BC-46DD-BE8B-8E483000DC99}.RelWithDebInfo|Any CPU.ActiveCfg = Release|Any CPU
		{F5CDB85D-70BC-46DD-BE8B-8E483000DC99}.RelWithDebInfo|Any CPU.Build.0 = Release|Any CPU
		{F5CDB85D-70BC-46DD-BE8B-8E483000DC99}.RelWithDebInfo|x64.ActiveCfg = Release|Any CPU
		{F5CDB85D-70BC-46DD-BE8B-8E483000DC99}.RelWithDebInfo|x64.Build.0 = Release|Any CPU
		{F5CDB85D-70BC-46DD-BE8B-8E483000DC99}.RelWithDebInfo|x86.ActiveCfg = Release|Any CPU
		{F5CDB85D-70BC-46DD-BE8B-8E483000DC99}.RelWithDebInfo|x86.Build.0 = Release|Any CPU
		{96F4600B-D3DA-4AC3-89ED-67CE6F9C9578}.Debug|Any CPU.ActiveCfg = Debug|Any CPU
		{96F4600B-D3DA-4AC3-89ED-67CE6F9C9578}.Debug|Any CPU.Build.0 = Debug|Any CPU
		{96F4600B-D3DA-4AC3-89ED-67CE6F9C9578}.Debug|x64.ActiveCfg = Debug|Any CPU
		{96F4600B-D3DA-4AC3-89ED-67CE6F9C9578}.Debug|x64.Build.0 = Debug|Any CPU
		{96F4600B-D3DA-4AC3-89ED-67CE6F9C9578}.Debug|x86.ActiveCfg = Debug|Any CPU
		{96F4600B-D3DA-4AC3-89ED-67CE6F9C9578}.Debug|x86.Build.0 = Debug|Any CPU
		{96F4600B-D3DA-4AC3-89ED-67CE6F9C9578}.MinSizeRel|Any CPU.ActiveCfg = Debug|Any CPU
		{96F4600B-D3DA-4AC3-89ED-67CE6F9C9578}.MinSizeRel|Any CPU.Build.0 = Debug|Any CPU
		{96F4600B-D3DA-4AC3-89ED-67CE6F9C9578}.MinSizeRel|x64.ActiveCfg = Debug|Any CPU
		{96F4600B-D3DA-4AC3-89ED-67CE6F9C9578}.MinSizeRel|x64.Build.0 = Debug|Any CPU
		{96F4600B-D3DA-4AC3-89ED-67CE6F9C9578}.MinSizeRel|x86.ActiveCfg = Debug|Any CPU
		{96F4600B-D3DA-4AC3-89ED-67CE6F9C9578}.MinSizeRel|x86.Build.0 = Debug|Any CPU
		{96F4600B-D3DA-4AC3-89ED-67CE6F9C9578}.Release|Any CPU.ActiveCfg = Release|Any CPU
		{96F4600B-D3DA-4AC3-89ED-67CE6F9C9578}.Release|Any CPU.Build.0 = Release|Any CPU
		{96F4600B-D3DA-4AC3-89ED-67CE6F9C9578}.Release|x64.ActiveCfg = Release|Any CPU
		{96F4600B-D3DA-4AC3-89ED-67CE6F9C9578}.Release|x64.Build.0 = Release|Any CPU
		{96F4600B-D3DA-4AC3-89ED-67CE6F9C9578}.Release|x86.ActiveCfg = Release|Any CPU
		{96F4600B-D3DA-4AC3-89ED-67CE6F9C9578}.Release|x86.Build.0 = Release|Any CPU
		{96F4600B-D3DA-4AC3-89ED-67CE6F9C9578}.RelWithDebInfo|Any CPU.ActiveCfg = Release|Any CPU
		{96F4600B-D3DA-4AC3-89ED-67CE6F9C9578}.RelWithDebInfo|Any CPU.Build.0 = Release|Any CPU
		{96F4600B-D3DA-4AC3-89ED-67CE6F9C9578}.RelWithDebInfo|x64.ActiveCfg = Release|Any CPU
		{96F4600B-D3DA-4AC3-89ED-67CE6F9C9578}.RelWithDebInfo|x64.Build.0 = Release|Any CPU
		{96F4600B-D3DA-4AC3-89ED-67CE6F9C9578}.RelWithDebInfo|x86.ActiveCfg = Release|Any CPU
		{96F4600B-D3DA-4AC3-89ED-67CE6F9C9578}.RelWithDebInfo|x86.Build.0 = Release|Any CPU
		{428F3D8A-D221-4F75-B1D6-F409B91FB7DF}.Debug|Any CPU.ActiveCfg = Debug|Any CPU
		{428F3D8A-D221-4F75-B1D6-F409B91FB7DF}.Debug|Any CPU.Build.0 = Debug|Any CPU
		{428F3D8A-D221-4F75-B1D6-F409B91FB7DF}.Debug|x64.ActiveCfg = Debug|Any CPU
		{428F3D8A-D221-4F75-B1D6-F409B91FB7DF}.Debug|x64.Build.0 = Debug|Any CPU
		{428F3D8A-D221-4F75-B1D6-F409B91FB7DF}.Debug|x86.ActiveCfg = Debug|Any CPU
		{428F3D8A-D221-4F75-B1D6-F409B91FB7DF}.Debug|x86.Build.0 = Debug|Any CPU
		{428F3D8A-D221-4F75-B1D6-F409B91FB7DF}.MinSizeRel|Any CPU.ActiveCfg = Debug|Any CPU
		{428F3D8A-D221-4F75-B1D6-F409B91FB7DF}.MinSizeRel|Any CPU.Build.0 = Debug|Any CPU
		{428F3D8A-D221-4F75-B1D6-F409B91FB7DF}.MinSizeRel|x64.ActiveCfg = Debug|Any CPU
		{428F3D8A-D221-4F75-B1D6-F409B91FB7DF}.MinSizeRel|x64.Build.0 = Debug|Any CPU
		{428F3D8A-D221-4F75-B1D6-F409B91FB7DF}.MinSizeRel|x86.ActiveCfg = Debug|Any CPU
		{428F3D8A-D221-4F75-B1D6-F409B91FB7DF}.MinSizeRel|x86.Build.0 = Debug|Any CPU
		{428F3D8A-D221-4F75-B1D6-F409B91FB7DF}.Release|Any CPU.ActiveCfg = Release|Any CPU
		{428F3D8A-D221-4F75-B1D6-F409B91FB7DF}.Release|Any CPU.Build.0 = Release|Any CPU
		{428F3D8A-D221-4F75-B1D6-F409B91FB7DF}.Release|x64.ActiveCfg = Release|Any CPU
		{428F3D8A-D221-4F75-B1D6-F409B91FB7DF}.Release|x64.Build.0 = Release|Any CPU
		{428F3D8A-D221-4F75-B1D6-F409B91FB7DF}.Release|x86.ActiveCfg = Release|Any CPU
		{428F3D8A-D221-4F75-B1D6-F409B91FB7DF}.Release|x86.Build.0 = Release|Any CPU
		{428F3D8A-D221-4F75-B1D6-F409B91FB7DF}.RelWithDebInfo|Any CPU.ActiveCfg = Release|Any CPU
		{428F3D8A-D221-4F75-B1D6-F409B91FB7DF}.RelWithDebInfo|Any CPU.Build.0 = Release|Any CPU
		{428F3D8A-D221-4F75-B1D6-F409B91FB7DF}.RelWithDebInfo|x64.ActiveCfg = Release|Any CPU
		{428F3D8A-D221-4F75-B1D6-F409B91FB7DF}.RelWithDebInfo|x64.Build.0 = Release|Any CPU
		{428F3D8A-D221-4F75-B1D6-F409B91FB7DF}.RelWithDebInfo|x86.ActiveCfg = Release|Any CPU
		{428F3D8A-D221-4F75-B1D6-F409B91FB7DF}.RelWithDebInfo|x86.Build.0 = Release|Any CPU
	EndGlobalSection
	GlobalSection(SolutionProperties) = preSolution
		HideSolutionNode = FALSE
	EndGlobalSection
	GlobalSection(ExtensibilityGlobals) = postSolution
		SolutionGuid = {EF2611F5-42D2-4640-8E89-5B8C42826653}
	EndGlobalSection
	GlobalSection(SharedMSBuildProjectFiles) = preSolution
		StompboxShared\StompboxShared.projitems*{428f3d8a-d221-4f75-b1d6-f409b91fb7df}*SharedItemsImports = 5
		..\UILayout\UILayout.MonoGame\UILayout.MonoGame.projitems*{428f3d8a-d221-4f75-b1d6-f409b91fb7df}*SharedItemsImports = 5
		..\UILayout\UILayout\UILayout.projitems*{428f3d8a-d221-4f75-b1d6-f409b91fb7df}*SharedItemsImports = 5
		StompboxShared\StompboxShared.projitems*{44e9e33c-ccf9-4d03-9094-25a47c4c34c0}*SharedItemsImports = 4
		..\UILayout\UILayout.MonoGame\UILayout.MonoGame.projitems*{44e9e33c-ccf9-4d03-9094-25a47c4c34c0}*SharedItemsImports = 4
		..\UILayout\UILayout\UILayout.projitems*{44e9e33c-ccf9-4d03-9094-25a47c4c34c0}*SharedItemsImports = 4
		..\UILayout\UILayout\UILayout.projitems*{7da2b397-a39f-4e5b-96ed-f206329982c9}*SharedItemsImports = 13
		StompboxShared\StompboxShared.projitems*{96f4600b-d3da-4ac3-89ed-67ce6f9c9578}*SharedItemsImports = 5
		..\UILayout\UILayout.MonoGame\UILayout.MonoGame.projitems*{96f4600b-d3da-4ac3-89ed-67ce6f9c9578}*SharedItemsImports = 5
		..\UILayout\UILayout\UILayout.projitems*{96f4600b-d3da-4ac3-89ed-67ce6f9c9578}*SharedItemsImports = 5
		StompboxShared\StompboxShared.projitems*{a0cdbd0e-3a41-42b7-9425-a838bc2c7383}*SharedItemsImports = 13
		..\UILayout\UILayout.MonoGame\UILayout.MonoGame.projitems*{d7307594-237f-43da-bd6b-d0bc2bd9b276}*SharedItemsImports = 13
	EndGlobalSection
EndGlobal
